
Microsoft Visual Studio Solution File, Format Version 12.00
# Visual Studio Version 16
VisualStudioVersion = 16.0.32126.315
MinimumVisualStudioVersion = 10.0.40219.1
Project("{FAE04EC0-301F-11D3-BF4B-00C04F79EFBC}") = "ExamenFinal3B", "ExamenFinal3B\ExamenFinal3B.csproj", "{E612D935-3408-45BB-927B-90A46B2A5832}"
EndProject
Global
	GlobalSection(SolutionConfigurationPlatforms) = preSolution
		Debug|Any CPU = Debug|Any CPU
		Release|Any CPU = Release|Any CPU
	EndGlobalSection
	GlobalSection(ProjectConfigurationPlatforms) = postSolution
		{E612D935-3408-45BB-927B-90A46B2A5832}.Debug|Any CPU.ActiveCfg = Debug|Any CPU
		{E612D935-3408-45BB-927B-90A46B2A5832}.Debug|Any CPU.Build.0 = Debug|Any CPU
		{E612D935-3408-45BB-927B-90A46B2A5832}.Release|Any CPU.ActiveCfg = Release|Any CPU
		{E612D935-3408-45BB-927B-90A46B2A5832}.Release|Any CPU.Build.0 = Release|Any CPU
	EndGlobalSection
	GlobalSection(SolutionProperties) = preSolution
		HideSolutionNode = FALSE
	EndGlobalSection
	GlobalSection(ExtensibilityGlobals) = postSolution
		SolutionGuid = {82CEFD41-261C-4B79-B7AB-3C67DD79A2E7}
	EndGlobalSection
EndGlobal
